
Microsoft Visual Studio Solution File, Format Version 12.00
# Visual Studio 15
VisualStudioVersion = 15.0.28307.421
MinimumVisualStudioVersion = 10.0.40219.1
Project("{FAE04EC0-301F-11D3-BF4B-00C04F79EFBC}") = "NuGetServer.WebApp", "NuGetServer.WebApp\NuGetServer.WebApp.csproj", "{E23AB161-276F-4DA6-AA55-62E59D86E7B8}"
EndProject
Global
	GlobalSection(SolutionConfigurationPlatforms) = preSolution
		Debug|Any CPU = Debug|Any CPU
		Release|Any CPU = Release|Any CPU
	EndGlobalSection
	GlobalSection(ProjectConfigurationPlatforms) = postSolution
		{E23AB161-276F-4DA6-AA55-62E59D86E7B8}.Debug|Any CPU.ActiveCfg = Debug|Any CPU
		{E23AB161-276F-4DA6-AA55-62E59D86E7B8}.Debug|Any CPU.Build.0 = Debug|Any CPU
		{E23AB161-276F-4DA6-AA55-62E59D86E7B8}.Release|Any CPU.ActiveCfg = Release|Any CPU
		{E23AB161-276F-4DA6-AA55-62E59D86E7B8}.Release|Any CPU.Build.0 = Release|Any CPU
	EndGlobalSection
	GlobalSection(SolutionProperties) = preSolution
		HideSolutionNode = FALSE
	EndGlobalSection
	GlobalSection(ExtensibilityGlobals) = postSolution
		SolutionGuid = {620F2006-6D94-4968-A68A-3937F375A32C}
	EndGlobalSection
EndGlobal
